
Microsoft Visual Studio Solution File, Format Version 12.00
# Visual Studio Version 16
VisualStudioVersion = 16.0.30011.22
MinimumVisualStudioVersion = 10.0.40219.1
Project("{8BC9CEB8-8B4A-11D0-8D11-00A0C91BC942}") = "TicTacToe", "TicTacToe\TicTacToe.vcxproj", "{EE3FCC67-1BD8-422E-B491-78A7A0D887B4}"
	ProjectSection(ProjectDependencies) = postProject
		{FA47929C-B5D0-411A-95EB-01B1F9B4C7AB} = {FA47929C-B5D0-411A-95EB-01B1F9B4C7AB}
	EndProjectSection
EndProject
Project("{8BC9CEB8-8B4A-11D0-8D11-00A0C91BC942}") = "Common", "Common\Common.vcxproj", "{FA47929C-B5D0-411A-95EB-01B1F9B4C7AB}"
EndProject
Global
	GlobalSection(SolutionConfigurationPlatforms) = preSolution
		Debug|x64 = Debug|x64
		Debug|x86 = Debug|x86
		ProfileDebug|x64 = ProfileDebug|x64
		ProfileDebug|x86 = ProfileDebug|x86
		ProfileRelease|x64 = ProfileRelease|x64
		ProfileRelease|x86 = ProfileRelease|x86
		Release|x64 = Release|x64
		Release|x86 = Release|x86
	EndGlobalSection
	GlobalSection(ProjectConfigurationPlatforms) = postSolution
		{EE3FCC67-1BD8-422E-B491-78A7A0D887B4}.Debug|x64.ActiveCfg = Debug|x64
		{EE3FCC67-1BD8-422E-B491-78A7A0D887B4}.Debug|x64.Build.0 = Debug|x64
		{EE3FCC67-1BD8-422E-B491-78A7A0D887B4}.Debug|x86.ActiveCfg = Debug|x64
		{EE3FCC67-1BD8-422E-B491-78A7A0D887B4}.Debug|x86.Build.0 = Debug|x64
		{EE3FCC67-1BD8-422E-B491-78A7A0D887B4}.ProfileDebug|x64.ActiveCfg = Debug|x64
		{EE3FCC67-1BD8-422E-B491-78A7A0D887B4}.ProfileDebug|x64.Build.0 = Debug|x64
		{EE3FCC67-1BD8-422E-B491-78A7A0D887B4}.ProfileDebug|x86.ActiveCfg = Debug|x64
		{EE3FCC67-1BD8-422E-B491-78A7A0D887B4}.ProfileDebug|x86.Build.0 = Debug|x64
		{EE3FCC67-1BD8-422E-B491-78A7A0D887B4}.ProfileRelease|x64.ActiveCfg = Debug|x64
		{EE3FCC67-1BD8-422E-B491-78A7A0D887B4}.ProfileRelease|x64.Build.0 = Debug|x64
		{EE3FCC67-1BD8-422E-B491-78A7A0D887B4}.ProfileRelease|x86.ActiveCfg = Debug|x64
		{EE3FCC67-1BD8-422E-B491-78A7A0D887B4}.ProfileRelease|x86.Build.0 = Debug|x64
		{EE3FCC67-1BD8-422E-B491-78A7A0D887B4}.Release|x64.ActiveCfg = Debug|x64
		{EE3FCC67-1BD8-422E-B491-78A7A0D887B4}.Release|x64.Build.0 = Debug|x64
		{EE3FCC67-1BD8-422E-B491-78A7A0D887B4}.Release|x86.ActiveCfg = Debug|x64
		{EE3FCC67-1BD8-422E-B491-78A7A0D887B4}.Release|x86.Build.0 = Debug|x64
		{FA47929C-B5D0-411A-95EB-01B1F9B4C7AB}.Debug|x64.ActiveCfg = Debug|x64
		{FA47929C-B5D0-411A-95EB-01B1F9B4C7AB}.Debug|x64.Build.0 = Debug|x64
		{FA47929C-B5D0-411A-95EB-01B1F9B4C7AB}.Debug|x86.ActiveCfg = Debug|x64
		{FA47929C-B5D0-411A-95EB-01B1F9B4C7AB}.Debug|x86.Build.0 = Debug|x64
		{FA47929C-B5D0-411A-95EB-01B1F9B4C7AB}.ProfileDebug|x64.ActiveCfg = Debug|x64
		{FA47929C-B5D0-411A-95EB-01B1F9B4C7AB}.ProfileDebug|x64.Build.0 = Debug|x64
		{FA47929C-B5D0-411A-95EB-01B1F9B4C7AB}.ProfileDebug|x86.ActiveCfg = Debug|x64
		{FA47929C-B5D0-411A-95EB-01B1F9B4C7AB}.ProfileDebug|x86.Build.0 = Debug|x64
		{FA47929C-B5D0-411A-95EB-01B1F9B4C7AB}.ProfileRelease|x64.ActiveCfg = Debug|x64
		{FA47929C-B5D0-411A-95EB-01B1F9B4C7AB}.ProfileRelease|x64.Build.0 = Debug|x64
		{FA47929C-B5D0-411A-95EB-01B1F9B4C7AB}.ProfileRelease|x86.ActiveCfg = Debug|x64
		{FA47929C-B5D0-411A-95EB-01B1F9B4C7AB}.ProfileRelease|x86.Build.0 = Debug|x64
		{FA47929C-B5D0-411A-95EB-01B1F9B4C7AB}.Release|x64.ActiveCfg = Release|x64
		{FA47929C-B5D0-411A-95EB-01B1F9B4C7AB}.Release|x64.Build.0 = Release|x64
		{FA47929C-B5D0-411A-95EB-01B1F9B4C7AB}.Release|x86.ActiveCfg = Debug|x64
		{FA47929C-B5D0-411A-95EB-01B1F9B4C7AB}.Release|x86.Build.0 = Debug|x64
	EndGlobalSection
	GlobalSection(SolutionProperties) = preSolution
		HideSolutionNode = FALSE
	EndGlobalSection
	GlobalSection(ExtensibilityGlobals) = postSolution
		SolutionGuid = {66634792-7508-4B38-9880-AED5221300B4}
	EndGlobalSection
EndGlobal
